// !$*UTF8*$!
{
	archiveVersion = 1;
	classes = {
	};
	objectVersion = 46;
	objects = {

/* Begin PBXBuildFile section */
		BED18EB31A8BB18B003B5D27 /* main.m in Sources */ = {isa = PBXBuildFile; fileRef = BED18EB21A8BB18B003B5D27 /* main.m */; };
		BED18EB61A8BB18B003B5D27 /* AppDelegate.m in Sources */ = {isa = PBXBuildFile; fileRef = BED18EB51A8BB18B003B5D27 /* AppDelegate.m */; };
		BED18EB91A8BB18B003B5D27 /* FirstViewController.m in Sources */ = {isa = PBXBuildFile; fileRef = BED18EB81A8BB18B003B5D27 /* FirstViewController.m */; };
		BED18EBC1A8BB18B003B5D27 /* SecondViewController.m in Sources */ = {isa = PBXBuildFile; fileRef = BED18EBB1A8BB18B003B5D27 /* SecondViewController.m */; };
		BED18EBF1A8BB18B003B5D27 /* Main.storyboard in Resources */ = {isa = PBXBuildFile; fileRef = BED18EBD1A8BB18B003B5D27 /* Main.storyboard */; };
		BED18EC11A8BB18B003B5D27 /* Images.xcassets in Resources */ = {isa = PBXBuildFile; fileRef = BED18EC01A8BB18B003B5D27 /* Images.xcassets */; };
		BED18EC41A8BB18C003B5D27 /* LaunchScreen.xib in Resources */ = {isa = PBXBuildFile; fileRef = BED18EC21A8BB18C003B5D27 /* LaunchScreen.xib */; };
		BED18ED01A8BB18C003B5D27 /* MatchedUpTests.m in Sources */ = {isa = PBXBuildFile; fileRef = BED18ECF1A8BB18C003B5D27 /* MatchedUpTests.m */; };
/* End PBXBuildFile section */

/* Begin PBXContainerItemProxy section */
		BED18ECA1A8BB18C003B5D27 /* PBXContainerItemProxy */ = {
			isa = PBXContainerItemProxy;
			containerPortal = BED18EA51A8BB18B003B5D27 /* Project object */;
			proxyType = 1;
			remoteGlobalIDString = BED18EAC1A8BB18B003B5D27;
			remoteInfo = MatchedUp;
		};
/* End PBXContainerItemProxy section */

/* Begin PBXFileReference section */
		BED18EAD1A8BB18B003B5D27 /* MatchedUp.app */ = {isa = PBXFileReference; explicitFileType = wrapper.application; includeInIndex = 0; path = MatchedUp.app; sourceTree = BUILT_PRODUCTS_DIR; };
		BED18EB11A8BB18B003B5D27 /* Info.plist */ = {isa = PBXFileReference; lastKnownFileType = text.plist.xml; path = Info.plist; sourceTree = "<group>"; };
		BED18EB21A8BB18B003B5D27 /* main.m */ = {isa = PBXFileReference; lastKnownFileType = sourcecode.c.objc; path = main.m; sourceTree = "<group>"; };
		BED18EB41A8BB18B003B5D27 /* AppDelegate.h */ = {isa = PBXFileReference; lastKnownFileType = sourcecode.c.h; path = AppDelegate.h; sourceTree = "<group>"; };
		BED18EB51A8BB18B003B5D27 /* AppDelegate.m */ = {isa = PBXFileReference; lastKnownFileType = sourcecode.c.objc; path = AppDelegate.m; sourceTree = "<group>"; };
		BED18EB71A8BB18B003B5D27 /* FirstViewController.h */ = {isa = PBXFileReference; lastKnownFileType = sourcecode.c.h; path = FirstViewController.h; sourceTree = "<group>"; };
		BED18EB81A8BB18B003B5D27 /* FirstViewController.m */ = {isa = PBXFileReference; lastKnownFileType = sourcecode.c.objc; path = FirstViewController.m; sourceTree = "<group>"; };
		BED18EBA1A8BB18B003B5D27 /* SecondViewController.h */ = {isa = PBXFileReference; lastKnownFileType = sourcecode.c.h; path = SecondViewController.h; sourceTree = "<group>"; };
		BED18EBB1A8BB18B003B5D27 /* SecondViewController.m */ = {isa = PBXFileReference; lastKnownFileType = sourcecode.c.objc; path = SecondViewController.m; sourceTree = "<group>"; };
		BED18EBE1A8BB18B003B5D27 /* Base */ = {isa = PBXFileReference; lastKnownFileType = file.storyboard; name = Base; path = Base.lproj/Main.storyboard; sourceTree = "<group>"; };
		BED18EC01A8BB18B003B5D27 /* Images.xcassets */ = {isa = PBXFileReference; lastKnownFileType = folder.assetcatalog; path = Images.xcassets; sourceTree = "<group>"; };
		BED18EC31A8BB18C003B5D27 /* Base */ = {isa = PBXFileReference; lastKnownFileType = file.xib; name = Base; path = Base.lproj/LaunchScreen.xib; sourceTree = "<group>"; };
		BED18EC91A8BB18C003B5D27 /* MatchedUpTests.xctest */ = {isa = PBXFileReference; explicitFileType = wrapper.cfbundle; includeInIndex = 0; path = MatchedUpTests.xctest; sourceTree = BUILT_PRODUCTS_DIR; };
		BED18ECE1A8BB18C003B5D27 /* Info.plist */ = {isa = PBXFileReference; lastKnownFileType = text.plist.xml; path = Info.plist; sourceTree = "<group>"; };
		BED18ECF1A8BB18C003B5D27 /* MatchedUpTests.m */ = {isa = PBXFileReference; lastKnownFileType = sourcecode.c.objc; path = MatchedUpTests.m; sourceTree = "<group>"; };
/* End PBXFileReference section */

/* Begin PBXFrameworksBuildPhase section */
		BED18EAA1A8BB18B003B5D27 /* Frameworks */ = {
			isa = PBXFrameworksBuildPhase;
			buildActionMask = 2147483647;
			files = (
			);
			runOnlyForDeploymentPostprocessing = 0;
		};
		BED18EC61A8BB18C003B5D27 /* Frameworks */ = {
			isa = PBXFrameworksBuildPhase;
			buildActionMask = 2147483647;
			files = (
			);
			runOnlyForDeploymentPostprocessing = 0;
		};
/* End PBXFrameworksBuildPhase section */

/* Begin PBXGroup section */
		BED18EA41A8BB18B003B5D27 = {
			isa = PBXGroup;
			children = (
				BED18EAF1A8BB18B003B5D27 /* MatchedUp */,
				BED18ECC1A8BB18C003B5D27 /* MatchedUpTests */,
				BED18EAE1A8BB18B003B5D27 /* Products */,
			);
			sourceTree = "<group>";
		};
		BED18EAE1A8BB18B003B5D27 /* Products */ = {
			isa = PBXGroup;
			children = (
				BED18EAD1A8BB18B003B5D27 /* MatchedUp.app */,
				BED18EC91A8BB18C003B5D27 /* MatchedUpTests.xctest */,
			);
			name = Products;
			sourceTree = "<group>";
		};
		BED18EAF1A8BB18B003B5D27 /* MatchedUp */ = {
			isa = PBXGroup;
			children = (
				BED18EB41A8BB18B003B5D27 /* AppDelegate.h */,
				BED18EB51A8BB18B003B5D27 /* AppDelegate.m */,
				BED18EB71A8BB18B003B5D27 /* FirstViewController.h */,
				BED18EB81A8BB18B003B5D27 /* FirstViewController.m */,
				BED18EBA1A8BB18B003B5D27 /* SecondViewController.h */,
				BED18EBB1A8BB18B003B5D27 /* SecondViewController.m */,
				BED18EBD1A8BB18B003B5D27 /* Main.storyboard */,
				BED18EC01A8BB18B003B5D27 /* Images.xcassets */,
				BED18EC21A8BB18C003B5D27 /* LaunchScreen.xib */,
				BED18EB01A8BB18B003B5D27 /* Supporting Files */,
			);
			path = MatchedUp;
			sourceTree = "<group>";
		};
		BED18EB01A8BB18B003B5D27 /* Supporting Files */ = {
			isa = PBXGroup;
			children = (
				BED18EB11A8BB18B003B5D27 /* Info.plist */,
				BED18EB21A8BB18B003B5D27 /* main.m */,
			);
			name = "Supporting Files";
			sourceTree = "<group>";
		};
		BED18ECC1A8BB18C003B5D27 /* MatchedUpTests */ = {
			isa = PBXGroup;
			children = (
				BED18ECF1A8BB18C003B5D27 /* MatchedUpTests.m */,
				BED18ECD1A8BB18C003B5D27 /* Supporting Files */,
			);
			path = MatchedUpTests;
			sourceTree = "<group>";
		};
		BED18ECD1A8BB18C003B5D27 /* Supporting Files */ = {
			isa = PBXGroup;
			children = (
				BED18ECE1A8BB18C003B5D27 /* Info.plist */,
			);
			name = "Supporting Files";
			sourceTree = "<group>";
		};
/* End PBXGroup section */

/* Begin PBXNativeTarget section */
		BED18EAC1A8BB18B003B5D27 /* MatchedUp */ = {
			isa = PBXNativeTarget;
			buildConfigurationList = BED18ED31A8BB18C003B5D27 /* Build configuration list for PBXNativeTarget "MatchedUp" */;
			buildPhases = (
				BED18EA91A8BB18B003B5D27 /* Sources */,
				BED18EAA1A8BB18B003B5D27 /* Frameworks */,
				BED18EAB1A8BB18B003B5D27 /* Resources */,
			);
			buildRules = (
			);
			dependencies = (
			);
			name = MatchedUp;
			productName = MatchedUp;
			productReference = BED18EAD1A8BB18B003B5D27 /* MatchedUp.app */;
			productType = "com.apple.product-type.application";
		};
		BED18EC81A8BB18C003B5D27 /* MatchedUpTests */ = {
			isa = PBXNativeTarget;
			buildConfigurationList = BED18ED61A8BB18C003B5D27 /* Build configuration list for PBXNativeTarget "MatchedUpTests" */;
			buildPhases = (
				BED18EC51A8BB18C003B5D27 /* Sources */,
				BED18EC61A8BB18C003B5D27 /* Frameworks */,
				BED18EC71A8BB18C003B5D27 /* Resources */,
			);
			buildRules = (
			);
			dependencies = (
				BED18ECB1A8BB18C003B5D27 /* PBXTargetDependency */,
			);
			name = MatchedUpTests;
			productName = MatchedUpTests;
			productReference = BED18EC91A8BB18C003B5D27 /* MatchedUpTests.xctest */;
			productType = "com.apple.product-type.bundle.unit-test";
		};
/* End PBXNativeTarget section */

/* Begin PBXProject section */
		BED18EA51A8BB18B003B5D27 /* Project object */ = {
			isa = PBXProject;
			attributes = {
				LastUpgradeCheck = 0610;
				ORGANIZATIONNAME = "Miguel Rincon";
				TargetAttributes = {
					BED18EAC1A8BB18B003B5D27 = {
						CreatedOnToolsVersion = 6.1.1;
					};
					BED18EC81A8BB18C003B5D27 = {
						CreatedOnToolsVersion = 6.1.1;
						TestTargetID = BED18EAC1A8BB18B003B5D27;
					};
				};
			};
			buildConfigurationList = BED18EA81A8BB18B003B5D27 /* Build configuration list for PBXProject "MatchedUp" */;
			compatibilityVersion = "Xcode 3.2";
			developmentRegion = English;
			hasScannedForEncodings = 0;
			knownRegions = (
				en,
				Base,
			);
			mainGroup = BED18EA41A8BB18B003B5D27;
			productRefGroup = BED18EAE1A8BB18B003B5D27 /* Products */;
			projectDirPath = "";
			projectRoot = "";
			targets = (
				BED18EAC1A8BB18B003B5D27 /* MatchedUp */,
				BED18EC81A8BB18C003B5D27 /* MatchedUpTests */,
			);
		};
/* End PBXProject section */

/* Begin PBXResourcesBuildPhase section */
		BED18EAB1A8BB18B003B5D27 /* Resources */ = {
			isa = PBXResourcesBuildPhase;
			buildActionMask = 2147483647;
			files = (
				BED18EBF1A8BB18B003B5D27 /* Main.storyboard in Resources */,
				BED18EC41A8BB18C003B5D27 /* LaunchScreen.xib in Resources */,
				BED18EC11A8BB18B003B5D27 /* Images.xcassets in Resources */,
			);
			runOnlyForDeploymentPostprocessing = 0;
		};
		BED18EC71A8BB18C003B5D27 /* Resources */ = {
			isa = PBXResourcesBuildPhase;
			buildActionMask = 2147483647;
			files = (
			);
			runOnlyForDeploymentPostprocessing = 0;
		};
/* End PBXResourcesBuildPhase section */

/* Begin PBXSourcesBuildPhase section */
		BED18EA91A8BB18B003B5D27 /* Sources */ = {
			isa = PBXSourcesBuildPhase;
			buildActionMask = 2147483647;
			files = (
				BED18EBC1A8BB18B003B5D27 /* SecondViewController.m in Sources */,
				BED18EB61A8BB18B003B5D27 /* AppDelegate.m in Sources */,
				BED18EB91A8BB18B003B5D27 /* FirstViewController.m in Sources */,
				BED18EB31A8BB18B003B5D27 /* main.m in Sources */,
			);
			runOnlyForDeploymentPostprocessing = 0;
		};
		BED18EC51A8BB18C003B5D27 /* Sources */ = {
			isa = PBXSourcesBuildPhase;
			buildActionMask = 2147483647;
			files = (
				BED18ED01A8BB18C003B5D27 /* MatchedUpTests.m in Sources */,
			);
			runOnlyForDeploymentPostprocessing = 0;
		};
/* End PBXSourcesBuildPhase section */

/* Begin PBXTargetDependency section */
		BED18ECB1A8BB18C003B5D27 /* PBXTargetDependency */ = {
			isa = PBXTargetDependency;
			target = BED18EAC1A8BB18B003B5D27 /* MatchedUp */;
			targetProxy = BED18ECA1A8BB18C003B5D27 /* PBXContainerItemProxy */;
		};
/* End PBXTargetDependency section */

/* Begin PBXVariantGroup section */
		BED18EBD1A8BB18B003B5D27 /* Main.storyboard */ = {
			isa = PBXVariantGroup;
			children = (
				BED18EBE1A8BB18B003B5D27 /* Base */,
			);
			name = Main.storyboard;
			sourceTree = "<group>";
		};
		BED18EC21A8BB18C003B5D27 /* LaunchScreen.xib */ = {
			isa = PBXVariantGroup;
			children = (
				BED18EC31A8BB18C003B5D27 /* Base */,
			);
			name = LaunchScreen.xib;
			sourceTree = "<group>";
		};
/* End PBXVariantGroup section */

/* Begin XCBuildConfiguration section */
		BED18ED11A8BB18C003B5D27 /* Debug */ = {
			isa = XCBuildConfiguration;
			buildSettings = {
				ALWAYS_SEARCH_USER_PATHS = NO;
				CLANG_CXX_LANGUAGE_STANDARD = "gnu++0x";
				CLANG_CXX_LIBRARY = "libc++";
				CLANG_ENABLE_MODULES = YES;
				CLANG_ENABLE_OBJC_ARC = YES;
				CLANG_WARN_BOOL_CONVERSION = YES;
				CLANG_WARN_CONSTANT_CONVERSION = YES;
				CLANG_WARN_DIRECT_OBJC_ISA_USAGE = YES_ERROR;
				CLANG_WARN_EMPTY_BODY = YES;
				CLANG_WARN_ENUM_CONVERSION = YES;
				CLANG_WARN_INT_CONVERSION = YES;
				CLANG_WARN_OBJC_ROOT_CLASS = YES_ERROR;
				CLANG_WARN_UNREACHABLE_CODE = YES;
				CLANG_WARN__DUPLICATE_METHOD_MATCH = YES;
				"CODE_SIGN_IDENTITY[sdk=iphoneos*]" = "iPhone Developer";
				COPY_PHASE_STRIP = NO;
				ENABLE_STRICT_OBJC_MSGSEND = YES;
				GCC_C_LANGUAGE_STANDARD = gnu99;
				GCC_DYNAMIC_NO_PIC = NO;
				GCC_OPTIMIZATION_LEVEL = 0;
				GCC_PREPROCESSOR_DEFINITIONS = (
					"DEBUG=1",
					"$(inherited)",
				);
				GCC_SYMBOLS_PRIVATE_EXTERN = NO;
				GCC_WARN_64_TO_32_BIT_CONVERSION = YES;
				GCC_WARN_ABOUT_RETURN_TYPE = YES_ERROR;
				GCC_WARN_UNDECLARED_SELECTOR = YES;
				GCC_WARN_UNINITIALIZED_AUTOS = YES_AGGRESSIVE;
				GCC_WARN_UNUSED_FUNCTION = YES;
				GCC_WARN_UNUSED_VARIABLE = YES;
				IPHONEOS_DEPLOYMENT_TARGET = 8.1;
				MTL_ENABLE_DEBUG_INFO = YES;
				ONLY_ACTIVE_ARCH = YES;
				SDKROOT = iphoneos;
			};
			name = Debug;
		};
		BED18ED21A8BB18C003B5D27 /* Release */ = {
			isa = XCBuildConfiguration;
			buildSettings = {
				ALWAYS_SEARCH_USER_PATHS = NO;
				CLANG_CXX_LANGUAGE_STANDARD = "gnu++0x";
				CLANG_CXX_LIBRARY = "libc++";
				CLANG_ENABLE_MODULES = YES;
				CLANG_ENABLE_OBJC_ARC = YES;
				CLANG_WARN_BOOL_CONVERSION = YES;
				CLANG_WARN_CONSTANT_CONVERSION = YES;
				CLANG_WARN_DIRECT_OBJC_ISA_USAGE = YES_ERROR;
				CLANG_WARN_EMPTY_BODY = YES;
				CLANG_WARN_ENUM_CONVERSION = YES;
				CLANG_WARN_INT_CONVERSION = YES;
				CLANG_WARN_OBJC_ROOT_CLASS = YES_ERROR;
				CLANG_WARN_UNREACHABLE_CODE = YES;
				CLANG_WARN__DUPLICATE_METHOD_MATCH = YES;
				"CODE_SIGN_IDENTITY[sdk=iphoneos*]" = "iPhone Developer";
				COPY_PHASE_STRIP = YES;
				ENABLE_NS_ASSERTIONS = NO;
				ENABLE_STRICT_OBJC_MSGSEND = YES;
				GCC_C_LANGUAGE_STANDARD = gnu99;
				GCC_WARN_64_TO_32_BIT_CONVERSION = YES;
				GCC_WARN_ABOUT_RETURN_TYPE = YES_ERROR;
				GCC_WARN_UNDECLARED_SELECTOR = YES;
				GCC_WARN_UNINITIALIZED_AUTOS = YES_AGGRESSIVE;
				GCC_WARN_UNUSED_FUNCTION = YES;
				GCC_WARN_UNUSED_VARIABLE = YES;
				IPHONEOS_DEPLOYMENT_TARGET = 8.1;
				MTL_ENABLE_DEBUG_INFO = NO;
				SDKROOT = iphoneos;
				VALIDATE_PRODUCT = YES;
			};
			name = Release;
		};
		BED18ED41A8BB18C003B5D27 /* Debug */ = {
			isa = XCBuildConfiguration;
			buildSettings = {
				ASSETCATALOG_COMPILER_APPICON_NAME = AppIcon;
				INFOPLIST_FILE = MatchedUp/Info.plist;
				LD_RUNPATH_SEARCH_PATHS = "$(inherited) @executable_path/Frameworks";
				PRODUCT_NAME = "$(TARGET_NAME)";
			};
			name = Debug;
		};
		BED18ED51A8BB18C003B5D27 /* Release */ = {
			isa = XCBuildConfiguration;
			buildSettings = {
				ASSETCATALOG_COMPILER_APPICON_NAME = AppIcon;
				INFOPLIST_FILE = MatchedUp/Info.plist;
				LD_RUNPATH_SEARCH_PATHS = "$(inherited) @executable_path/Frameworks";
				PRODUCT_NAME = "$(TARGET_NAME)";
			};
			name = Release;
		};
		BED18ED71A8BB18C003B5D27 /* Debug */ = {
			isa = XCBuildConfiguration;
			buildSettings = {
				BUNDLE_LOADER = "$(TEST_HOST)";
				FRAMEWORK_SEARCH_PATHS = (
					"$(SDKROOT)/Developer/Library/Frameworks",
					"$(inherited)",
				);
				GCC_PREPROCESSOR_DEFINITIONS = (
					"DEBUG=1",
					"$(inherited)",
				);
				INFOPLIST_FILE = MatchedUpTests/Info.plist;
				LD_RUNPATH_SEARCH_PATHS = "$(inherited) @executable_path/Frameworks @loader_path/Frameworks";
				PRODUCT_NAME = "$(TARGET_NAME)";
				TEST_HOST = "$(BUILT_PRODUCTS_DIR)/MatchedUp.app/MatchedUp";
			};
			name = Debug;
		};
		BED18ED81A8BB18C003B5D27 /* Release */ = {
			isa = XCBuildConfiguration;
			buildSettings = {
				BUNDLE_LOADER = "$(TEST_HOST)";
				FRAMEWORK_SEARCH_PATHS = (
					"$(SDKROOT)/Developer/Library/Frameworks",
					"$(inherited)",
				);
				INFOPLIST_FILE = MatchedUpTests/Info.plist;
				LD_RUNPATH_SEARCH_PATHS = "$(inherited) @executable_path/Frameworks @loader_path/Frameworks";
				PRODUCT_NAME = "$(TARGET_NAME)";
				TEST_HOST = "$(BUILT_PRODUCTS_DIR)/MatchedUp.app/MatchedUp";
			};
			name = Release;
		};
/* End XCBuildConfiguration section */

/* Begin XCConfigurationList section */
		BED18EA81A8BB18B003B5D27 /* Build configuration list for PBXProject "MatchedUp" */ = {
			isa = XCConfigurationList;
			buildConfigurations = (
				BED18ED11A8BB18C003B5D27 /* Debug */,
				BED18ED21A8BB18C003B5D27 /* Release */,
			);
			defaultConfigurationIsVisible = 0;
			defaultConfigurationName = Release;
		};
		BED18ED31A8BB18C003B5D27 /* Build configuration list for PBXNativeTarget "MatchedUp" */ = {
			isa = XCConfigurationList;
			buildConfigurations = (
				BED18ED41A8BB18C003B5D27 /* Debug */,
				BED18ED51A8BB18C003B5D27 /* Release */,
			);
			defaultConfigurationIsVisible = 0;
		};
		BED18ED61A8BB18C003B5D27 /* Build configuration list for PBXNativeTarget "MatchedUpTests" */ = {
			isa = XCConfigurationList;
			buildConfigurations = (
				BED18ED71A8BB18C003B5D27 /* Debug */,
				BED18ED81A8BB18C003B5D27 /* Release */,
			);
			defaultConfigurationIsVisible = 0;
		};
/* End XCConfigurationList section */
	};
	rootObject = BED18EA51A8BB18B003B5D27 /* Project object */;
}
